
Microsoft Visual Studio Solution File, Format Version 12.00
# Visual Studio Version 17
VisualStudioVersion = 17.8.34330.188
MinimumVisualStudioVersion = 10.0.40219.1
Project("{8BC9CEB8-8B4A-11D0-8D11-00A0C91BC942}") = "PDFiumTest", "PDFiumTest.vcxproj", "{BA3653C0-6728-4B2F-93D7-1FFA7EDC54D9}"
EndProject
Global
	GlobalSection(SolutionConfigurationPlatforms) = preSolution
		Debug|x64 = Debug|x64
		Debug|x86 = Debug|x86
		Release|x64 = Release|x64
		Release|x86 = Release|x86
	EndGlobalSection
	GlobalSection(ProjectConfigurationPlatforms) = postSolution
		{BA3653C0-6728-4B2F-93D7-1FFA7EDC54D9}.Debug|x64.ActiveCfg = Debug|x64
		{BA3653C0-6728-4B2F-93D7-1FFA7EDC54D9}.Debug|x64.Build.0 = Debug|x64
		{BA3653C0-6728-4B2F-93D7-1FFA7EDC54D9}.Debug|x86.ActiveCfg = Debug|Win32
		{BA3653C0-6728-4B2F-93D7-1FFA7EDC54D9}.Debug|x86.Build.0 = Debug|Win32
		{BA3653C0-6728-4B2F-93D7-1FFA7EDC54D9}.Release|x64.ActiveCfg = Release|x64
		{BA3653C0-6728-4B2F-93D7-1FFA7EDC54D9}.Release|x64.Build.0 = Release|x64
		{BA3653C0-6728-4B2F-93D7-1FFA7EDC54D9}.Release|x86.ActiveCfg = Release|Win32
		{BA3653C0-6728-4B2F-93D7-1FFA7EDC54D9}.Release|x86.Build.0 = Release|Win32
	EndGlobalSection
	GlobalSection(SolutionProperties) = preSolution
		HideSolutionNode = FALSE
	EndGlobalSection
	GlobalSection(ExtensibilityGlobals) = postSolution
		SolutionGuid = {C20A9E01-B4E1-4235-AC07-4C0C8389254C}
	EndGlobalSection
EndGlobal
